
Microsoft Visual Studio Solution File, Format Version 12.00
# Visual Studio Version 17
VisualStudioVersion = 17.13.35806.99
MinimumVisualStudioVersion = 10.0.40219.1
Project("{FAE04EC0-301F-11D3-BF4B-00C04F79EFBC}") = "WPFÜbung", "WPFÜbung\WPFÜbung.csproj", "{C7FDFD5F-538E-4678-8C5A-292E79210D32}"
EndProject
Project("{FAE04EC0-301F-11D3-BF4B-00C04F79EFBC}") = "CheckSumAufgabe", "CheckSumAufgabe\CheckSumAufgabe.csproj", "{6CCC0EAE-C883-467B-B647-D8E6BBEF6785}"
EndProject
Global
	GlobalSection(SolutionConfigurationPlatforms) = preSolution
		Debug|Any CPU = Debug|Any CPU
		Release|Any CPU = Release|Any CPU
	EndGlobalSection
	GlobalSection(ProjectConfigurationPlatforms) = postSolution
		{C7FDFD5F-538E-4678-8C5A-292E79210D32}.Debug|Any CPU.ActiveCfg = Debug|Any CPU
		{C7FDFD5F-538E-4678-8C5A-292E79210D32}.Debug|Any CPU.Build.0 = Debug|Any CPU
		{C7FDFD5F-538E-4678-8C5A-292E79210D32}.Release|Any CPU.ActiveCfg = Release|Any CPU
		{C7FDFD5F-538E-4678-8C5A-292E79210D32}.Release|Any CPU.Build.0 = Release|Any CPU
		{6CCC0EAE-C883-467B-B647-D8E6BBEF6785}.Debug|Any CPU.ActiveCfg = Debug|Any CPU
		{6CCC0EAE-C883-467B-B647-D8E6BBEF6785}.Debug|Any CPU.Build.0 = Debug|Any CPU
		{6CCC0EAE-C883-467B-B647-D8E6BBEF6785}.Release|Any CPU.ActiveCfg = Release|Any CPU
		{6CCC0EAE-C883-467B-B647-D8E6BBEF6785}.Release|Any CPU.Build.0 = Release|Any CPU
	EndGlobalSection
	GlobalSection(SolutionProperties) = preSolution
		HideSolutionNode = FALSE
	EndGlobalSection
	GlobalSection(ExtensibilityGlobals) = postSolution
		SolutionGuid = {12A4A7A9-5270-4397-9B86-B58EF5A5C97C}
	EndGlobalSection
EndGlobal
